{
  "nodes": {
    "nixpkgs": {
      "locked": {
        "lastModified": 1769170682,
        "narHash": "sha256-oMmN1lVQU0F0W2k6OI3bgdzp2YOHWYUAw79qzDSjenU=",
        "owner": "NixOS",
        "repo": "nixpkgs",
        "rev": "c5296fdd05cfa2c187990dd909864da9658df755",
        "type": "github"
      },
      "original": {
        "owner": "NixOS",
        "ref": "nixos-unstable",
        "repo": "nixpkgs",
        "type": "github"
      }
    },
    "root": {
      "inputs": {
        "nixpkgs": "nixpkgs",
        "stremio-pr": "stremio-pr"
      }
    },
    "stremio-pr": {
      "locked": {
        "lastModified": 1768097932,
        "narHash": "sha256-hCUvwOTgUfcCeJiYp8jJ+Dap9DpXGI8WgkvxW7IaNVk=",
        "owner": "NixOS",
        "repo": "nixpkgs",
        "rev": "1955ba843793bdc1812c4eaa7c80aa4800f47e3c",
        "type": "github"
      },
      "original": {
        "owner": "NixOS",
        "ref": "pull/460557/head",
        "repo": "nixpkgs",
        "type": "github"
      }
    }
  },
  "root": "root",
  "version": 7
}
