{
  "nodes": {
    "clutch-notifier": {
      "inputs": {
        "nixpkgs": [
          "nixpkgs"
        ]
      },
      "locked": {
        "lastModified": 1770520512,
        "narHash": "sha256-w060RyAGhXyICKa/WU6EHxgY2XySofAWJbUyCdSAbEc=",
        "owner": "borisbabic",
        "repo": "clutch-notifier",
        "rev": "38918f61080a0a9ffa4a948550c840502a3bdc5a",
        "type": "github"
      },
      "original": {
        "owner": "borisbabic",
        "repo": "clutch-notifier",
        "type": "github"
      }
    },
    "dms-plugin-calendar": {
      "flake": false,
      "locked": {
        "lastModified": 1783070555,
        "narHash": "sha256-VtiBjO+XzihoRTGPe6l4WoK9onaj/BGmy4Xmj5BhE7I=",
        "owner": "alcxyz",
        "repo": "DankCalendar",
        "rev": "0d204e8450cc9c6d832fa8a092d6b282deea4c0b",
        "type": "github"
      },
      "original": {
        "owner": "alcxyz",
        "repo": "DankCalendar",
        "type": "github"
      }
    },
    "dms-plugin-registry": {
      "inputs": {
        "nixpkgs": [
          "nixpkgs"
        ]
      },
      "locked": {
        "lastModified": 1788154251,
        "narHash": "sha256-82gY3/Is98y7Ibpk5JopgSZubPqPH/Ba8s56azGY5B4=",
        "owner": "AvengeMedia",
        "repo": "dms-plugin-registry",
        "rev": "900398fbc01b1d48dbd3332b8e0f817632d441dd",
        "type": "github"
      },
      "original": {
        "owner": "AvengeMedia",
        "repo": "dms-plugin-registry",
        "type": "github"
      }
    },
    "home-manager": {
      "inputs": {
        "nixpkgs": [
          "nixpkgs"
        ]
      },
      "locked": {
        "lastModified": 1788146656,
        "narHash": "sha256-XmJmvk9rytTb7dCotO/aqR+YysB8HOqnprlOdv+LAF4=",
        "owner": "nix-community",
        "repo": "home-manager",
        "rev": "82c265faf4e3161d6015db07c9b0f1ee36a9029b",
        "type": "github"
      },
      "original": {
        "owner": "nix-community",
        "repo": "home-manager",
        "type": "github"
      }
    },
    "nix-flatpak": {
      "locked": {
        "lastModified": 1767983141,
        "narHash": "sha256-7ZCulYUD9RmJIDULTRkGLSW1faMpDlPKcbWJLYHoXcs=",
        "owner": "gmodena",
        "repo": "nix-flatpak",
        "rev": "440818969ac2cbd77bfe025e884d0aa528991374",
        "type": "github"
      },
      "original": {
        "owner": "gmodena",
        "ref": "latest",
        "repo": "nix-flatpak",
        "type": "github"
      }
    },
    "nixpkgs": {
      "locked": {
        "lastModified": 1788039129,
        "narHash": "sha256-pa4Q0qErvCvzCaaUph7Sm37RhR4xvPrYI8Lgz6k85+A=",
        "owner": "NixOS",
        "repo": "nixpkgs",
        "rev": "d2f67949798825fe853f7c5d0492b8bf016d3f88",
        "type": "github"
      },
      "original": {
        "owner": "NixOS",
        "ref": "nixos-unstable",
        "repo": "nixpkgs",
        "type": "github"
      }
    },
    "root": {
      "inputs": {
        "clutch-notifier": "clutch-notifier",
        "dms-plugin-calendar": "dms-plugin-calendar",
        "dms-plugin-registry": "dms-plugin-registry",
        "home-manager": "home-manager",
        "nix-flatpak": "nix-flatpak",
        "nixpkgs": "nixpkgs",
        "sops-nix": "sops-nix",
        "stremio-pr": "stremio-pr"
      }
    },
    "sops-nix": {
      "inputs": {
        "nixpkgs": [
          "nixpkgs"
        ]
      },
      "locked": {
        "lastModified": 1773096132,
        "narHash": "sha256-M3zEnq9OElB7zqc+mjgPlByPm1O5t2fbUrH3t/Hm5Ag=",
        "owner": "Mic92",
        "repo": "sops-nix",
        "rev": "d1ff3b1034d5bab5d7d8086a7803c5a5968cd784",
        "type": "github"
      },
      "original": {
        "owner": "Mic92",
        "repo": "sops-nix",
        "type": "github"
      }
    },
    "stremio-pr": {
      "locked": {
        "lastModified": 1768097932,
        "narHash": "sha256-hCUvwOTgUfcCeJiYp8jJ+Dap9DpXGI8WgkvxW7IaNVk=",
        "owner": "NixOS",
        "repo": "nixpkgs",
        "rev": "1955ba843793bdc1812c4eaa7c80aa4800f47e3c",
        "type": "github"
      },
      "original": {
        "owner": "NixOS",
        "ref": "pull/460557/head",
        "repo": "nixpkgs",
        "type": "github"
      }
    }
  },
  "root": "root",
  "version": 7
}
